
Microsoft Visual Studio Solution File, Format Version 12.00
# Visual Studio Version 16
VisualStudioVersion = 16.0.31019.35
MinimumVisualStudioVersion = 10.0.40219.1
Project("{FAE04EC0-301F-11D3-BF4B-00C04F79EFBC}") = "PlayersManagerLib", "PlayersManagerLib.csproj", "{8429AC3B-AA14-4FAD-8186-B93C1A1F327F}"
EndProject
Project("{FAE04EC0-301F-11D3-BF4B-00C04F79EFBC}") = "PlayerManagerTests", "..\PlayerManagerTests\PlayerManagerTests.csproj", "{42DAFA01-A73C-4F4E-BEBA-3D562CC05014}"
EndProject
Global
	GlobalSection(SolutionConfigurationPlatforms) = preSolution
		Debug|Any CPU = Debug|Any CPU
		Release|Any CPU = Release|Any CPU
	EndGlobalSection
	GlobalSection(ProjectConfigurationPlatforms) = postSolution
		{8429AC3B-AA14-4FAD-8186-B93C1A1F327F}.Debug|Any CPU.ActiveCfg = Debug|Any CPU
		{8429AC3B-AA14-4FAD-8186-B93C1A1F327F}.Debug|Any CPU.Build.0 = Debug|Any CPU
		{8429AC3B-AA14-4FAD-8186-B93C1A1F327F}.Release|Any CPU.ActiveCfg = Release|Any CPU
		{8429AC3B-AA14-4FAD-8186-B93C1A1F327F}.Release|Any CPU.Build.0 = Release|Any CPU
		{42DAFA01-A73C-4F4E-BEBA-3D562CC05014}.Debug|Any CPU.ActiveCfg = Debug|Any CPU
		{42DAFA01-A73C-4F4E-BEBA-3D562CC05014}.Debug|Any CPU.Build.0 = Debug|Any CPU
		{42DAFA01-A73C-4F4E-BEBA-3D562CC05014}.Release|Any CPU.ActiveCfg = Release|Any CPU
		{42DAFA01-A73C-4F4E-BEBA-3D562CC05014}.Release|Any CPU.Build.0 = Release|Any CPU
	EndGlobalSection
	GlobalSection(SolutionProperties) = preSolution
		HideSolutionNode = FALSE
	EndGlobalSection
	GlobalSection(ExtensibilityGlobals) = postSolution
		SolutionGuid = {EEF1B39D-A91B-4881-BE35-40EB7C82EF81}
	EndGlobalSection
EndGlobal
