
Microsoft Visual Studio Solution File, Format Version 12.00
# Visual Studio Version 16
VisualStudioVersion = 16.0.31019.35
MinimumVisualStudioVersion = 10.0.40219.1
Project("{FAE04EC0-301F-11D3-BF4B-00C04F79EFBC}") = "Log4NET_MVCTest", "Log4NET_MVCTest.csproj", "{F9E515D0-89BA-4F36-88AC-D163C4C32FAC}"
EndProject
Global
	GlobalSection(SolutionConfigurationPlatforms) = preSolution
		Debug|Any CPU = Debug|Any CPU
		Release|Any CPU = Release|Any CPU
	EndGlobalSection
	GlobalSection(ProjectConfigurationPlatforms) = postSolution
		{F9E515D0-89BA-4F36-88AC-D163C4C32FAC}.Debug|Any CPU.ActiveCfg = Debug|Any CPU
		{F9E515D0-89BA-4F36-88AC-D163C4C32FAC}.Debug|Any CPU.Build.0 = Debug|Any CPU
		{F9E515D0-89BA-4F36-88AC-D163C4C32FAC}.Release|Any CPU.ActiveCfg = Release|Any CPU
		{F9E515D0-89BA-4F36-88AC-D163C4C32FAC}.Release|Any CPU.Build.0 = Release|Any CPU
	EndGlobalSection
	GlobalSection(SolutionProperties) = preSolution
		HideSolutionNode = FALSE
	EndGlobalSection
	GlobalSection(ExtensibilityGlobals) = postSolution
		SolutionGuid = {D64AFBAA-3299-4FDB-9B0E-62DB3ABFCD6E}
	EndGlobalSection
EndGlobal
