
Microsoft Visual Studio Solution File, Format Version 12.00
# Visual Studio Version 16
VisualStudioVersion = 16.0.30907.101
MinimumVisualStudioVersion = 10.0.40219.1
Project("{FAE04EC0-301F-11D3-BF4B-00C04F79EFBC}") = "MagicFilesLib", "MagicFilesLib.csproj", "{5A0DBD28-AFC4-4DBB-8E48-EEDABF6A2D04}"
EndProject
Project("{FAE04EC0-301F-11D3-BF4B-00C04F79EFBC}") = "DirectoryExplorerTests", "..\DirectoryExplorer.Tests\DirectoryExplorerTests.csproj", "{B1A41794-33FC-454A-90C1-398814723C28}"
EndProject
Global
	GlobalSection(SolutionConfigurationPlatforms) = preSolution
		Debug|Any CPU = Debug|Any CPU
		Release|Any CPU = Release|Any CPU
	EndGlobalSection
	GlobalSection(ProjectConfigurationPlatforms) = postSolution
		{5A0DBD28-AFC4-4DBB-8E48-EEDABF6A2D04}.Debug|Any CPU.ActiveCfg = Debug|Any CPU
		{5A0DBD28-AFC4-4DBB-8E48-EEDABF6A2D04}.Debug|Any CPU.Build.0 = Debug|Any CPU
		{5A0DBD28-AFC4-4DBB-8E48-EEDABF6A2D04}.Release|Any CPU.ActiveCfg = Release|Any CPU
		{5A0DBD28-AFC4-4DBB-8E48-EEDABF6A2D04}.Release|Any CPU.Build.0 = Release|Any CPU
		{B1A41794-33FC-454A-90C1-398814723C28}.Debug|Any CPU.ActiveCfg = Debug|Any CPU
		{B1A41794-33FC-454A-90C1-398814723C28}.Debug|Any CPU.Build.0 = Debug|Any CPU
		{B1A41794-33FC-454A-90C1-398814723C28}.Release|Any CPU.ActiveCfg = Release|Any CPU
		{B1A41794-33FC-454A-90C1-398814723C28}.Release|Any CPU.Build.0 = Release|Any CPU
	EndGlobalSection
	GlobalSection(SolutionProperties) = preSolution
		HideSolutionNode = FALSE
	EndGlobalSection
	GlobalSection(ExtensibilityGlobals) = postSolution
		SolutionGuid = {E71FC9A0-99FB-454E-B77B-E1B333C1476B}
	EndGlobalSection
EndGlobal
