
Microsoft Visual Studio Solution File, Format Version 12.00
# Visual Studio Version 16
VisualStudioVersion = 16.0.31019.35
MinimumVisualStudioVersion = 10.0.40219.1
Project("{FAE04EC0-301F-11D3-BF4B-00C04F79EFBC}") = "ThreadStartSample", "ThreadStartSample.csproj", "{FCD6C652-A0E6-417F-BB11-3E54DD278BB1}"
EndProject
Global
	GlobalSection(SolutionConfigurationPlatforms) = preSolution
		Debug|Any CPU = Debug|Any CPU
		Release|Any CPU = Release|Any CPU
	EndGlobalSection
	GlobalSection(ProjectConfigurationPlatforms) = postSolution
		{FCD6C652-A0E6-417F-BB11-3E54DD278BB1}.Debug|Any CPU.ActiveCfg = Debug|Any CPU
		{FCD6C652-A0E6-417F-BB11-3E54DD278BB1}.Debug|Any CPU.Build.0 = Debug|Any CPU
		{FCD6C652-A0E6-417F-BB11-3E54DD278BB1}.Release|Any CPU.ActiveCfg = Release|Any CPU
		{FCD6C652-A0E6-417F-BB11-3E54DD278BB1}.Release|Any CPU.Build.0 = Release|Any CPU
	EndGlobalSection
	GlobalSection(SolutionProperties) = preSolution
		HideSolutionNode = FALSE
	EndGlobalSection
	GlobalSection(ExtensibilityGlobals) = postSolution
		SolutionGuid = {8753E531-4490-4E8D-8B86-989D3EE5ED11}
	EndGlobalSection
EndGlobal
