
Microsoft Visual Studio Solution File, Format Version 12.00
# Visual Studio Version 16
VisualStudioVersion = 16.0.31019.35
MinimumVisualStudioVersion = 10.0.40219.1
Project("{FAE04EC0-301F-11D3-BF4B-00C04F79EFBC}") = "CodeAnalysisSample", "CodeAnalysisSample.csproj", "{AFEC1A82-FD01-4CF7-89E7-C24A8A67F577}"
EndProject
Global
	GlobalSection(SolutionConfigurationPlatforms) = preSolution
		Debug|Any CPU = Debug|Any CPU
		Release|Any CPU = Release|Any CPU
	EndGlobalSection
	GlobalSection(ProjectConfigurationPlatforms) = postSolution
		{AFEC1A82-FD01-4CF7-89E7-C24A8A67F577}.Debug|Any CPU.ActiveCfg = Debug|Any CPU
		{AFEC1A82-FD01-4CF7-89E7-C24A8A67F577}.Debug|Any CPU.Build.0 = Debug|Any CPU
		{AFEC1A82-FD01-4CF7-89E7-C24A8A67F577}.Release|Any CPU.ActiveCfg = Release|Any CPU
		{AFEC1A82-FD01-4CF7-89E7-C24A8A67F577}.Release|Any CPU.Build.0 = Release|Any CPU
	EndGlobalSection
	GlobalSection(SolutionProperties) = preSolution
		HideSolutionNode = FALSE
	EndGlobalSection
	GlobalSection(ExtensibilityGlobals) = postSolution
		SolutionGuid = {53EEEC32-2F82-456C-9B5E-6D94217F923D}
	EndGlobalSection
EndGlobal
